
Microsoft Visual Studio Solution File, Format Version 12.00
# Visual Studio 14
VisualStudioVersion = 14.0.23107.0
MinimumVisualStudioVersion = 10.0.40219.1
Project("{F184B08F-C81C-45F6-A57F-5ABD9991F28F}") = "CATIA_Lib", "CATIA_Lib\CATIA_Lib.vbproj", "{C9F8E036-F16B-44DC-8B67-8B6857352060}"
EndProject
Project("{FAE04EC0-301F-11D3-BF4B-00C04F79EFBC}") = "BOM Export test", "BOM Export test\BOM Export test.csproj", "{1EF660BF-3CB2-4500-ABD0-582110599B29}"
EndProject
Project("{F184B08F-C81C-45F6-A57F-5ABD9991F28F}") = "BOM Export Test VB", "BOM Export Test VB\BOM Export Test VB.vbproj", "{D06B0812-175E-42E4-A8C2-D3DF8A6847AD}"
EndProject
Global
	GlobalSection(SolutionConfigurationPlatforms) = preSolution
		Debug|Any CPU = Debug|Any CPU
		Release|Any CPU = Release|Any CPU
	EndGlobalSection
	GlobalSection(ProjectConfigurationPlatforms) = postSolution
		{C9F8E036-F16B-44DC-8B67-8B6857352060}.Debug|Any CPU.ActiveCfg = Debug|Any CPU
		{C9F8E036-F16B-44DC-8B67-8B6857352060}.Debug|Any CPU.Build.0 = Debug|Any CPU
		{C9F8E036-F16B-44DC-8B67-8B6857352060}.Release|Any CPU.ActiveCfg = Release|Any CPU
		{C9F8E036-F16B-44DC-8B67-8B6857352060}.Release|Any CPU.Build.0 = Release|Any CPU
		{1EF660BF-3CB2-4500-ABD0-582110599B29}.Debug|Any CPU.ActiveCfg = Debug|Any CPU
		{1EF660BF-3CB2-4500-ABD0-582110599B29}.Debug|Any CPU.Build.0 = Debug|Any CPU
		{1EF660BF-3CB2-4500-ABD0-582110599B29}.Release|Any CPU.ActiveCfg = Release|Any CPU
		{1EF660BF-3CB2-4500-ABD0-582110599B29}.Release|Any CPU.Build.0 = Release|Any CPU
		{D06B0812-175E-42E4-A8C2-D3DF8A6847AD}.Debug|Any CPU.ActiveCfg = Debug|Any CPU
		{D06B0812-175E-42E4-A8C2-D3DF8A6847AD}.Debug|Any CPU.Build.0 = Debug|Any CPU
		{D06B0812-175E-42E4-A8C2-D3DF8A6847AD}.Release|Any CPU.ActiveCfg = Release|Any CPU
		{D06B0812-175E-42E4-A8C2-D3DF8A6847AD}.Release|Any CPU.Build.0 = Release|Any CPU
	EndGlobalSection
	GlobalSection(SolutionProperties) = preSolution
		HideSolutionNode = FALSE
	EndGlobalSection
EndGlobal
